
Microsoft Visual Studio Solution File, Format Version 12.00
# Visual Studio Version 17
VisualStudioVersion = 17.5.33424.131
MinimumVisualStudioVersion = 10.0.40219.1
Project("{2150E333-8FDC-42A3-9474-1A3956D46DE8}") = "src", "src", "{80EB2F0F-2468-4167-A0DF-328FD8D07265}"
EndProject
Project("{2150E333-8FDC-42A3-9474-1A3956D46DE8}") = "backend", "backend", "{8EEFBB31-4AF5-424E-B7AD-97A7637B08FD}"
EndProject
Project("{2150E333-8FDC-42A3-9474-1A3956D46DE8}") = "Domain", "Domain", "{1DFC6D44-EFB5-40B0-B040-3AACFF87AA44}"
EndProject
Project("{FAE04EC0-301F-11D3-BF4B-00C04F79EFBC}") = "ChatApp.Domain", "ChatApp.Domain\ChatApp.Domain.csproj", "{5D40F0CF-F5A4-4CB1-B5E7-3705C277B3DC}"
EndProject
Project("{2150E333-8FDC-42A3-9474-1A3956D46DE8}") = "Application", "Application", "{5BA74C35-610F-47E6-99C3-78B732A643AE}"
EndProject
Project("{2150E333-8FDC-42A3-9474-1A3956D46DE8}") = "Infrastructure", "Infrastructure", "{65DC0CAB-22DE-40A8-A65A-BD7F36BCF276}"
EndProject
Project("{2150E333-8FDC-42A3-9474-1A3956D46DE8}") = "API", "API", "{A2F85981-3C3E-426F-9C3C-75835D775359}"
EndProject
Project("{FAE04EC0-301F-11D3-BF4B-00C04F79EFBC}") = "ChatApp.Application", "ChatApp.Application\ChatApp.Application.csproj", "{62FC3F79-FD90-4343-B840-743F0AA45665}"
EndProject
Project("{FAE04EC0-301F-11D3-BF4B-00C04F79EFBC}") = "ChatApp.Infrastructure", "ChatApp.Infrastructure\ChatApp.Infrastructure.csproj", "{8F6F8DEE-0F6E-4F16-8306-06B28E1E89F6}"
EndProject
Project("{FAE04EC0-301F-11D3-BF4B-00C04F79EFBC}") = "ChatApp.API", "ChatApp.API\ChatApp.API.csproj", "{D0FD4F80-D8D3-4196-A3BF-5AB0711D8F0B}"
EndProject
Global
	GlobalSection(SolutionConfigurationPlatforms) = preSolution
		Debug|Any CPU = Debug|Any CPU
		Release|Any CPU = Release|Any CPU
	EndGlobalSection
	GlobalSection(ProjectConfigurationPlatforms) = postSolution
		{5D40F0CF-F5A4-4CB1-B5E7-3705C277B3DC}.Debug|Any CPU.ActiveCfg = Debug|Any CPU
		{5D40F0CF-F5A4-4CB1-B5E7-3705C277B3DC}.Debug|Any CPU.Build.0 = Debug|Any CPU
		{5D40F0CF-F5A4-4CB1-B5E7-3705C277B3DC}.Release|Any CPU.ActiveCfg = Release|Any CPU
		{5D40F0CF-F5A4-4CB1-B5E7-3705C277B3DC}.Release|Any CPU.Build.0 = Release|Any CPU
		{62FC3F79-FD90-4343-B840-743F0AA45665}.Debug|Any CPU.ActiveCfg = Debug|Any CPU
		{62FC3F79-FD90-4343-B840-743F0AA45665}.Debug|Any CPU.Build.0 = Debug|Any CPU
		{62FC3F79-FD90-4343-B840-743F0AA45665}.Release|Any CPU.ActiveCfg = Release|Any CPU
		{62FC3F79-FD90-4343-B840-743F0AA45665}.Release|Any CPU.Build.0 = Release|Any CPU
		{8F6F8DEE-0F6E-4F16-8306-06B28E1E89F6}.Debug|Any CPU.ActiveCfg = Debug|Any CPU
		{8F6F8DEE-0F6E-4F16-8306-06B28E1E89F6}.Debug|Any CPU.Build.0 = Debug|Any CPU
		{8F6F8DEE-0F6E-4F16-8306-06B28E1E89F6}.Release|Any CPU.ActiveCfg = Release|Any CPU
		{8F6F8DEE-0F6E-4F16-8306-06B28E1E89F6}.Release|Any CPU.Build.0 = Release|Any CPU
		{D0FD4F80-D8D3-4196-A3BF-5AB0711D8F0B}.Debug|Any CPU.ActiveCfg = Debug|Any CPU
		{D0FD4F80-D8D3-4196-A3BF-5AB0711D8F0B}.Debug|Any CPU.Build.0 = Debug|Any CPU
		{D0FD4F80-D8D3-4196-A3BF-5AB0711D8F0B}.Release|Any CPU.ActiveCfg = Release|Any CPU
		{D0FD4F80-D8D3-4196-A3BF-5AB0711D8F0B}.Release|Any CPU.Build.0 = Release|Any CPU
	EndGlobalSection
	GlobalSection(SolutionProperties) = preSolution
		HideSolutionNode = FALSE
	EndGlobalSection
	GlobalSection(NestedProjects) = preSolution
		{8EEFBB31-4AF5-424E-B7AD-97A7637B08FD} = {80EB2F0F-2468-4167-A0DF-328FD8D07265}
		{1DFC6D44-EFB5-40B0-B040-3AACFF87AA44} = {8EEFBB31-4AF5-424E-B7AD-97A7637B08FD}
		{5D40F0CF-F5A4-4CB1-B5E7-3705C277B3DC} = {1DFC6D44-EFB5-40B0-B040-3AACFF87AA44}
		{5BA74C35-610F-47E6-99C3-78B732A643AE} = {8EEFBB31-4AF5-424E-B7AD-97A7637B08FD}
		{65DC0CAB-22DE-40A8-A65A-BD7F36BCF276} = {8EEFBB31-4AF5-424E-B7AD-97A7637B08FD}
		{A2F85981-3C3E-426F-9C3C-75835D775359} = {8EEFBB31-4AF5-424E-B7AD-97A7637B08FD}
		{62FC3F79-FD90-4343-B840-743F0AA45665} = {5BA74C35-610F-47E6-99C3-78B732A643AE}
		{8F6F8DEE-0F6E-4F16-8306-06B28E1E89F6} = {65DC0CAB-22DE-40A8-A65A-BD7F36BCF276}
		{D0FD4F80-D8D3-4196-A3BF-5AB0711D8F0B} = {A2F85981-3C3E-426F-9C3C-75835D775359}
	EndGlobalSection
	GlobalSection(ExtensibilityGlobals) = postSolution
		SolutionGuid = {2FA897A9-2B3E-4A9A-A5E3-76987640B065}
	EndGlobalSection
EndGlobal
